<Solution>
  <Folder Name="/src/">
    <Project Path="src/LdifDotNet.Generator/LdifDotNet.Generator.csproj" />
    <Project Path="src/LdifDotNet.PowerShell/LdifDotNet.PowerShell.csproj" />
    <Project Path="src/LdifDotNet.Schema/LdifDotNet.Schema.csproj" />
    <Project Path="src/LdifDotNet/LdifDotNet.csproj" />
  </Folder>
  <Folder Name="/tests/">
    <Project Path="tests/LdifDotNet.Tests/LdifDotNet.Tests.csproj" />
  </Folder>
</Solution>
